// !$*UTF8*$!
{
	archiveVersion = 1;
	classes = {
	};
	objectVersion = 77;
	objects = {

/* Begin PBXBuildFile section */
		6541D7622CABF312007139FF /* GoogleSignIn in Frameworks */ = {isa = PBXBuildFile; productRef = 6541D7612CABF312007139FF /* GoogleSignIn */; };
		6541D7642CABF312007139FF /* GoogleSignInSwift in Frameworks */ = {isa = PBXBuildFile; productRef = 6541D7632CABF312007139FF /* GoogleSignInSwift */; };
/* End PBXBuildFile section */

/* Begin PBXContainerItemProxy section */
		657C16CF2CA54A750025213A /* PBXContainerItemProxy */ = {
			isa = PBXContainerItemProxy;
			containerPortal = 657C16B62CA54A730025213A /* Project object */;
			proxyType = 1;
			remoteGlobalIDString = 657C16BD2CA54A730025213A;
			remoteInfo = Bakim;
		};
		657C16D92CA54A750025213A /* PBXContainerItemProxy */ = {
			isa = PBXContainerItemProxy;
			containerPortal = 657C16B62CA54A730025213A /* Project object */;
			proxyType = 1;
			remoteGlobalIDString = 657C16BD2CA54A730025213A;
			remoteInfo = Bakim;
		};
/* End PBXContainerItemProxy section */

/* Begin PBXFileReference section */
		657C16BE2CA54A730025213A /* Bakim.app */ = {isa = PBXFileReference; explicitFileType = wrapper.application; includeInIndex = 0; path = Bakim.app; sourceTree = BUILT_PRODUCTS_DIR; };
		657C16CE2CA54A750025213A /* BakimTests.xctest */ = {isa = PBXFileReference; explicitFileType = wrapper.cfbundle; includeInIndex = 0; path = BakimTests.xctest; sourceTree = BUILT_PRODUCTS_DIR; };
		657C16D82CA54A750025213A /* BakimUITests.xctest */ = {isa = PBXFileReference; explicitFileType = wrapper.cfbundle; includeInIndex = 0; path = BakimUITests.xctest; sourceTree = BUILT_PRODUCTS_DIR; };
/* End PBXFileReference section */

/* Begin PBXFileSystemSynchronizedBuildFileExceptionSet section */
		6541D7662CABF57C007139FF /* Exceptions for "Bakim" folder in "Bakim" target */ = {
			isa = PBXFileSystemSynchronizedBuildFileExceptionSet;
			membershipExceptions = (
				Info.plist,
			);
			target = 657C16BD2CA54A730025213A /* Bakim */;
		};
/* End PBXFileSystemSynchronizedBuildFileExceptionSet section */

/* Begin PBXFileSystemSynchronizedRootGroup section */
		657C16C02CA54A730025213A /* Bakim */ = {
			isa = PBXFileSystemSynchronizedRootGroup;
			exceptions = (
				6541D7662CABF57C007139FF /* Exceptions for "Bakim" folder in "Bakim" target */,
			);
			path = Bakim;
			sourceTree = "<group>";
		};
		657C16D12CA54A750025213A /* BakimTests */ = {
			isa = PBXFileSystemSynchronizedRootGroup;
			path = BakimTests;
			sourceTree = "<group>";
		};
		657C16DB2CA54A750025213A /* BakimUITests */ = {
			isa = PBXFileSystemSynchronizedRootGroup;
			path = BakimUITests;
			sourceTree = "<group>";
		};
/* End PBXFileSystemSynchronizedRootGroup section */

/* Begin PBXFrameworksBuildPhase section */
		657C16BB2CA54A730025213A /* Frameworks */ = {
			isa = PBXFrameworksBuildPhase;
			buildActionMask = 2147483647;
			files = (
				6541D7622CABF312007139FF /* GoogleSignIn in Frameworks */,
				6541D7642CABF312007139FF /* GoogleSignInSwift in Frameworks */,
			);
			runOnlyForDeploymentPostprocessing = 0;
		};
		657C16CB2CA54A750025213A /* Frameworks */ = {
			isa = PBXFrameworksBuildPhase;
			buildActionMask = 2147483647;
			files = (
			);
			runOnlyForDeploymentPostprocessing = 0;
		};
		657C16D52CA54A750025213A /* Frameworks */ = {
			isa = PBXFrameworksBuildPhase;
			buildActionMask = 2147483647;
			files = (
			);
			runOnlyForDeploymentPostprocessing = 0;
		};
/* End PBXFrameworksBuildPhase section */

/* Begin PBXGroup section */
		657C16B52CA54A730025213A = {
			isa = PBXGroup;
			children = (
				657C16C02CA54A730025213A /* Bakim */,
				657C16D12CA54A750025213A /* BakimTests */,
				657C16DB2CA54A750025213A /* BakimUITests */,
				657C16BF2CA54A730025213A /* Products */,
			);
			sourceTree = "<group>";
		};
		657C16BF2CA54A730025213A /* Products */ = {
			isa = PBXGroup;
			children = (
				657C16BE2CA54A730025213A /* Bakim.app */,
				657C16CE2CA54A750025213A /* BakimTests.xctest */,
				657C16D82CA54A750025213A /* BakimUITests.xctest */,
			);
			name = Products;
			sourceTree = "<group>";
		};
/* End PBXGroup section */

/* Begin PBXNativeTarget section */
		657C16BD2CA54A730025213A /* Bakim */ = {
			isa = PBXNativeTarget;
			buildConfigurationList = 657C16E22CA54A750025213A /* Build configuration list for PBXNativeTarget "Bakim" */;
			buildPhases = (
				657C16BA2CA54A730025213A /* Sources */,
				657C16BB2CA54A730025213A /* Frameworks */,
				657C16BC2CA54A730025213A /* Resources */,
			);
			buildRules = (
			);
			dependencies = (
			);
			fileSystemSynchronizedGroups = (
				657C16C02CA54A730025213A /* Bakim */,
			);
			name = Bakim;
			packageProductDependencies = (
				6541D7612CABF312007139FF /* GoogleSignIn */,
				6541D7632CABF312007139FF /* GoogleSignInSwift */,
			);
			productName = Bakim;
			productReference = 657C16BE2CA54A730025213A /* Bakim.app */;
			productType = "com.apple.product-type.application";
		};
		657C16CD2CA54A750025213A /* BakimTests */ = {
			isa = PBXNativeTarget;
			buildConfigurationList = 657C16E52CA54A750025213A /* Build configuration list for PBXNativeTarget "BakimTests" */;
			buildPhases = (
				657C16CA2CA54A750025213A /* Sources */,
				657C16CB2CA54A750025213A /* Frameworks */,
				657C16CC2CA54A750025213A /* Resources */,
			);
			buildRules = (
			);
			dependencies = (
				657C16D02CA54A750025213A /* PBXTargetDependency */,
			);
			fileSystemSynchronizedGroups = (
				657C16D12CA54A750025213A /* BakimTests */,
			);
			name = BakimTests;
			packageProductDependencies = (
			);
			productName = BakimTests;
			productReference = 657C16CE2CA54A750025213A /* BakimTests.xctest */;
			productType = "com.apple.product-type.bundle.unit-test";
		};
		657C16D72CA54A750025213A /* BakimUITests */ = {
			isa = PBXNativeTarget;
			buildConfigurationList = 657C16E82CA54A750025213A /* Build configuration list for PBXNativeTarget "BakimUITests" */;
			buildPhases = (
				657C16D42CA54A750025213A /* Sources */,
				657C16D52CA54A750025213A /* Frameworks */,
				657C16D62CA54A750025213A /* Resources */,
			);
			buildRules = (
			);
			dependencies = (
				657C16DA2CA54A750025213A /* PBXTargetDependency */,
			);
			fileSystemSynchronizedGroups = (
				657C16DB2CA54A750025213A /* BakimUITests */,
			);
			name = BakimUITests;
			packageProductDependencies = (
			);
			productName = BakimUITests;
			productReference = 657C16D82CA54A750025213A /* BakimUITests.xctest */;
			productType = "com.apple.product-type.bundle.ui-testing";
		};
/* End PBXNativeTarget section */

/* Begin PBXProject section */
		657C16B62CA54A730025213A /* Project object */ = {
			isa = PBXProject;
			attributes = {
				BuildIndependentTargetsInParallel = 1;
				LastSwiftUpdateCheck = 1600;
				LastUpgradeCheck = 1600;
				TargetAttributes = {
					657C16BD2CA54A730025213A = {
						CreatedOnToolsVersion = 16.0;
					};
					657C16CD2CA54A750025213A = {
						CreatedOnToolsVersion = 16.0;
						TestTargetID = 657C16BD2CA54A730025213A;
					};
					657C16D72CA54A750025213A = {
						CreatedOnToolsVersion = 16.0;
						TestTargetID = 657C16BD2CA54A730025213A;
					};
				};
			};
			buildConfigurationList = 657C16B92CA54A730025213A /* Build configuration list for PBXProject "Bakim" */;
			developmentRegion = en;
			hasScannedForEncodings = 0;
			knownRegions = (
				en,
				Base,
			);
			mainGroup = 657C16B52CA54A730025213A;
			minimizedProjectReferenceProxies = 1;
			packageReferences = (
				6541D7602CABF312007139FF /* XCRemoteSwiftPackageReference "GoogleSignIn-iOS" */,
			);
			preferredProjectObjectVersion = 77;
			productRefGroup = 657C16BF2CA54A730025213A /* Products */;
			projectDirPath = "";
			projectRoot = "";
			targets = (
				657C16BD2CA54A730025213A /* Bakim */,
				657C16CD2CA54A750025213A /* BakimTests */,
				657C16D72CA54A750025213A /* BakimUITests */,
			);
		};
/* End PBXProject section */

/* Begin PBXResourcesBuildPhase section */
		657C16BC2CA54A730025213A /* Resources */ = {
			isa = PBXResourcesBuildPhase;
			buildActionMask = 2147483647;
			files = (
			);
			runOnlyForDeploymentPostprocessing = 0;
		};
		657C16CC2CA54A750025213A /* Resources */ = {
			isa = PBXResourcesBuildPhase;
			buildActionMask = 2147483647;
			files = (
			);
			runOnlyForDeploymentPostprocessing = 0;
		};
		657C16D62CA54A750025213A /* Resources */ = {
			isa = PBXResourcesBuildPhase;
			buildActionMask = 2147483647;
			files = (
			);
			runOnlyForDeploymentPostprocessing = 0;
		};
/* End PBXResourcesBuildPhase section */

/* Begin PBXSourcesBuildPhase section */
		657C16BA2CA54A730025213A /* Sources */ = {
			isa = PBXSourcesBuildPhase;
			buildActionMask = 2147483647;
			files = (
			);
			runOnlyForDeploymentPostprocessing = 0;
		};
		657C16CA2CA54A750025213A /* Sources */ = {
			isa = PBXSourcesBuildPhase;
			buildActionMask = 2147483647;
			files = (
			);
			runOnlyForDeploymentPostprocessing = 0;
		};
		657C16D42CA54A750025213A /* Sources */ = {
			isa = PBXSourcesBuildPhase;
			buildActionMask = 2147483647;
			files = (
			);
			runOnlyForDeploymentPostprocessing = 0;
		};
/* End PBXSourcesBuildPhase section */

/* Begin PBXTargetDependency section */
		657C16D02CA54A750025213A /* PBXTargetDependency */ = {
			isa = PBXTargetDependency;
			target = 657C16BD2CA54A730025213A /* Bakim */;
			targetProxy = 657C16CF2CA54A750025213A /* PBXContainerItemProxy */;
		};
		657C16DA2CA54A750025213A /* PBXTargetDependency */ = {
			isa = PBXTargetDependency;
			target = 657C16BD2CA54A730025213A /* Bakim */;
			targetProxy = 657C16D92CA54A750025213A /* PBXContainerItemProxy */;
		};
/* End PBXTargetDependency section */

/* Begin XCBuildConfiguration section */
		657C16E02CA54A750025213A /* Debug */ = {
			isa = XCBuildConfiguration;
			buildSettings = {
				ALWAYS_SEARCH_USER_PATHS = NO;
				ASSETCATALOG_COMPILER_GENERATE_SWIFT_ASSET_SYMBOL_EXTENSIONS = YES;
				CLANG_ANALYZER_NONNULL = YES;
				CLANG_ANALYZER_NUMBER_OBJECT_CONVERSION = YES_AGGRESSIVE;
				CLANG_CXX_LANGUAGE_STANDARD = "gnu++20";
				CLANG_ENABLE_MODULES = YES;
				CLANG_ENABLE_OBJC_ARC = YES;
				CLANG_ENABLE_OBJC_WEAK = YES;
				CLANG_WARN_BLOCK_CAPTURE_AUTORELEASING = YES;
				CLANG_WARN_BOOL_CONVERSION = YES;
				CLANG_WARN_COMMA = YES;
				CLANG_WARN_CONSTANT_CONVERSION = YES;
				CLANG_WARN_DEPRECATED_OBJC_IMPLEMENTATIONS = YES;
				CLANG_WARN_DIRECT_OBJC_ISA_USAGE = YES_ERROR;
				CLANG_WARN_DOCUMENTATION_COMMENTS = YES;
				CLANG_WARN_EMPTY_BODY = YES;
				CLANG_WARN_ENUM_CONVERSION = YES;
				CLANG_WARN_INFINITE_RECURSION = YES;
				CLANG_WARN_INT_CONVERSION = YES;
				CLANG_WARN_NON_LITERAL_NULL_CONVERSION = YES;
				CLANG_WARN_OBJC_IMPLICIT_RETAIN_SELF = YES;
				CLANG_WARN_OBJC_LITERAL_CONVERSION = YES;
				CLANG_WARN_OBJC_ROOT_CLASS = YES_ERROR;
				CLANG_WARN_QUOTED_INCLUDE_IN_FRAMEWORK_HEADER = YES;
				CLANG_WARN_RANGE_LOOP_ANALYSIS = YES;
				CLANG_WARN_STRICT_PROTOTYPES = YES;
				CLANG_WARN_SUSPICIOUS_MOVE = YES;
				CLANG_WARN_UNGUARDED_AVAILABILITY = YES_AGGRESSIVE;
				CLANG_WARN_UNREACHABLE_CODE = YES;
				CLANG_WARN__DUPLICATE_METHOD_MATCH = YES;
				COPY_PHASE_STRIP = NO;
				DEBUG_INFORMATION_FORMAT = dwarf;
				ENABLE_STRICT_OBJC_MSGSEND = YES;
				ENABLE_TESTABILITY = YES;
				ENABLE_USER_SCRIPT_SANDBOXING = YES;
				GCC_C_LANGUAGE_STANDARD = gnu17;
				GCC_DYNAMIC_NO_PIC = NO;
				GCC_NO_COMMON_BLOCKS = YES;
				GCC_OPTIMIZATION_LEVEL = 0;
				GCC_PREPROCESSOR_DEFINITIONS = (
					"DEBUG=1",
					"$(inherited)",
				);
				GCC_WARN_64_TO_32_BIT_CONVERSION = YES;
				GCC_WARN_ABOUT_RETURN_TYPE = YES_ERROR;
				GCC_WARN_UNDECLARED_SELECTOR = YES;
				GCC_WARN_UNINITIALIZED_AUTOS = YES_AGGRESSIVE;
				GCC_WARN_UNUSED_FUNCTION = YES;
				GCC_WARN_UNUSED_VARIABLE = YES;
				IPHONEOS_DEPLOYMENT_TARGET = 18.0;
				LOCALIZATION_PREFERS_STRING_CATALOGS = YES;
				MTL_ENABLE_DEBUG_INFO = INCLUDE_SOURCE;
				MTL_FAST_MATH = YES;
				ONLY_ACTIVE_ARCH = YES;
				SDKROOT = iphoneos;
				SWIFT_ACTIVE_COMPILATION_CONDITIONS = "DEBUG $(inherited)";
				SWIFT_OPTIMIZATION_LEVEL = "-Onone";
			};
			name = Debug;
		};
		657C16E12CA54A750025213A /* Release */ = {
			isa = XCBuildConfiguration;
			buildSettings = {
				ALWAYS_SEARCH_USER_PATHS = NO;
				ASSETCATALOG_COMPILER_GENERATE_SWIFT_ASSET_SYMBOL_EXTENSIONS = YES;
				CLANG_ANALYZER_NONNULL = YES;
				CLANG_ANALYZER_NUMBER_OBJECT_CONVERSION = YES_AGGRESSIVE;
				CLANG_CXX_LANGUAGE_STANDARD = "gnu++20";
				CLANG_ENABLE_MODULES = YES;
				CLANG_ENABLE_OBJC_ARC = YES;
				CLANG_ENABLE_OBJC_WEAK = YES;
				CLANG_WARN_BLOCK_CAPTURE_AUTORELEASING = YES;
				CLANG_WARN_BOOL_CONVERSION = YES;
				CLANG_WARN_COMMA = YES;
				CLANG_WARN_CONSTANT_CONVERSION = YES;
				CLANG_WARN_DEPRECATED_OBJC_IMPLEMENTATIONS = YES;
				CLANG_WARN_DIRECT_OBJC_ISA_USAGE = YES_ERROR;
				CLANG_WARN_DOCUMENTATION_COMMENTS = YES;
				CLANG_WARN_EMPTY_BODY = YES;
				CLANG_WARN_ENUM_CONVERSION = YES;
				CLANG_WARN_INFINITE_RECURSION = YES;
				CLANG_WARN_INT_CONVERSION = YES;
				CLANG_WARN_NON_LITERAL_NULL_CONVERSION = YES;
				CLANG_WARN_OBJC_IMPLICIT_RETAIN_SELF = YES;
				CLANG_WARN_OBJC_LITERAL_CONVERSION = YES;
				CLANG_WARN_OBJC_ROOT_CLASS = YES_ERROR;
				CLANG_WARN_QUOTED_INCLUDE_IN_FRAMEWORK_HEADER = YES;
				CLANG_WARN_RANGE_LOOP_ANALYSIS = YES;
				CLANG_WARN_STRICT_PROTOTYPES = YES;
				CLANG_WARN_SUSPICIOUS_MOVE = YES;
				CLANG_WARN_UNGUARDED_AVAILABILITY = YES_AGGRESSIVE;
				CLANG_WARN_UNREACHABLE_CODE = YES;
				CLANG_WARN__DUPLICATE_METHOD_MATCH = YES;
				COPY_PHASE_STRIP = NO;
				DEBUG_INFORMATION_FORMAT = "dwarf-with-dsym";
				ENABLE_NS_ASSERTIONS = NO;
				ENABLE_STRICT_OBJC_MSGSEND = YES;
				ENABLE_USER_SCRIPT_SANDBOXING = YES;
				GCC_C_LANGUAGE_STANDARD = gnu17;
				GCC_NO_COMMON_BLOCKS = YES;
				GCC_WARN_64_TO_32_BIT_CONVERSION = YES;
				GCC_WARN_ABOUT_RETURN_TYPE = YES_ERROR;
				GCC_WARN_UNDECLARED_SELECTOR = YES;
				GCC_WARN_UNINITIALIZED_AUTOS = YES_AGGRESSIVE;
				GCC_WARN_UNUSED_FUNCTION = YES;
				GCC_WARN_UNUSED_VARIABLE = YES;
				IPHONEOS_DEPLOYMENT_TARGET = 18.0;
				LOCALIZATION_PREFERS_STRING_CATALOGS = YES;
				MTL_ENABLE_DEBUG_INFO = NO;
				MTL_FAST_MATH = YES;
				SDKROOT = iphoneos;
				SWIFT_COMPILATION_MODE = wholemodule;
				VALIDATE_PRODUCT = YES;
			};
			name = Release;
		};
		657C16E32CA54A750025213A /* Debug */ = {
			isa = XCBuildConfiguration;
			buildSettings = {
				ASSETCATALOG_COMPILER_APPICON_NAME = AppIcon;
				ASSETCATALOG_COMPILER_GLOBAL_ACCENT_COLOR_NAME = AccentColor;
				CODE_SIGN_STYLE = Automatic;
				CURRENT_PROJECT_VERSION = 1;
				DEVELOPMENT_ASSET_PATHS = "\"Bakim/Preview Content\"";
				DEVELOPMENT_TEAM = 2BJUT72GH8;
				ENABLE_PREVIEWS = YES;
				GENERATE_INFOPLIST_FILE = YES;
				INFOPLIST_FILE = Bakim/Info.plist;
				INFOPLIST_KEY_UIApplicationSceneManifest_Generation = YES;
				INFOPLIST_KEY_UIApplicationSupportsIndirectInputEvents = YES;
				INFOPLIST_KEY_UILaunchScreen_Generation = YES;
				INFOPLIST_KEY_UISupportedInterfaceOrientations_iPad = "UIInterfaceOrientationPortrait UIInterfaceOrientationPortraitUpsideDown UIInterfaceOrientationLandscapeLeft UIInterfaceOrientationLandscapeRight";
				INFOPLIST_KEY_UISupportedInterfaceOrientations_iPhone = "UIInterfaceOrientationPortrait UIInterfaceOrientationLandscapeLeft UIInterfaceOrientationLandscapeRight";
				LD_RUNPATH_SEARCH_PATHS = (
					"$(inherited)",
					"@executable_path/Frameworks",
				);
				MARKETING_VERSION = 1.0;
				PRODUCT_BUNDLE_IDENTIFIER = feyzullahdurasi.Bakim;
				PRODUCT_NAME = "$(TARGET_NAME)";
				SWIFT_EMIT_LOC_STRINGS = YES;
				SWIFT_VERSION = 5.0;
				TARGETED_DEVICE_FAMILY = "1,2";
			};
			name = Debug;
		};
		657C16E42CA54A750025213A /* Release */ = {
			isa = XCBuildConfiguration;
			buildSettings = {
				ASSETCATALOG_COMPILER_APPICON_NAME = AppIcon;
				ASSETCATALOG_COMPILER_GLOBAL_ACCENT_COLOR_NAME = AccentColor;
				CODE_SIGN_STYLE = Automatic;
				CURRENT_PROJECT_VERSION = 1;
				DEVELOPMENT_ASSET_PATHS = "\"Bakim/Preview Content\"";
				DEVELOPMENT_TEAM = 2BJUT72GH8;
				ENABLE_PREVIEWS = YES;
				GENERATE_INFOPLIST_FILE = YES;
				INFOPLIST_FILE = Bakim/Info.plist;
				INFOPLIST_KEY_UIApplicationSceneManifest_Generation = YES;
				INFOPLIST_KEY_UIApplicationSupportsIndirectInputEvents = YES;
				INFOPLIST_KEY_UILaunchScreen_Generation = YES;
				INFOPLIST_KEY_UISupportedInterfaceOrientations_iPad = "UIInterfaceOrientationPortrait UIInterfaceOrientationPortraitUpsideDown UIInterfaceOrientationLandscapeLeft UIInterfaceOrientationLandscapeRight";
				INFOPLIST_KEY_UISupportedInterfaceOrientations_iPhone = "UIInterfaceOrientationPortrait UIInterfaceOrientationLandscapeLeft UIInterfaceOrientationLandscapeRight";
				LD_RUNPATH_SEARCH_PATHS = (
					"$(inherited)",
					"@executable_path/Frameworks",
				);
				MARKETING_VERSION = 1.0;
				PRODUCT_BUNDLE_IDENTIFIER = feyzullahdurasi.Bakim;
				PRODUCT_NAME = "$(TARGET_NAME)";
				SWIFT_EMIT_LOC_STRINGS = YES;
				SWIFT_VERSION = 5.0;
				TARGETED_DEVICE_FAMILY = "1,2";
			};
			name = Release;
		};
		657C16E62CA54A750025213A /* Debug */ = {
			isa = XCBuildConfiguration;
			buildSettings = {
				BUNDLE_LOADER = "$(TEST_HOST)";
				CODE_SIGN_STYLE = Automatic;
				CURRENT_PROJECT_VERSION = 1;
				DEVELOPMENT_TEAM = 2BJUT72GH8;
				GENERATE_INFOPLIST_FILE = YES;
				IPHONEOS_DEPLOYMENT_TARGET = 18.0;
				MARKETING_VERSION = 1.0;
				PRODUCT_BUNDLE_IDENTIFIER = feyzullahdurasi.BakimTests;
				PRODUCT_NAME = "$(TARGET_NAME)";
				SWIFT_EMIT_LOC_STRINGS = NO;
				SWIFT_VERSION = 5.0;
				TARGETED_DEVICE_FAMILY = "1,2";
				TEST_HOST = "$(BUILT_PRODUCTS_DIR)/Bakim.app/$(BUNDLE_EXECUTABLE_FOLDER_PATH)/Bakim";
			};
			name = Debug;
		};
		657C16E72CA54A750025213A /* Release */ = {
			isa = XCBuildConfiguration;
			buildSettings = {
				BUNDLE_LOADER = "$(TEST_HOST)";
				CODE_SIGN_STYLE = Automatic;
				CURRENT_PROJECT_VERSION = 1;
				DEVELOPMENT_TEAM = 2BJUT72GH8;
				GENERATE_INFOPLIST_FILE = YES;
				IPHONEOS_DEPLOYMENT_TARGET = 18.0;
				MARKETING_VERSION = 1.0;
				PRODUCT_BUNDLE_IDENTIFIER = feyzullahdurasi.BakimTests;
				PRODUCT_NAME = "$(TARGET_NAME)";
				SWIFT_EMIT_LOC_STRINGS = NO;
				SWIFT_VERSION = 5.0;
				TARGETED_DEVICE_FAMILY = "1,2";
				TEST_HOST = "$(BUILT_PRODUCTS_DIR)/Bakim.app/$(BUNDLE_EXECUTABLE_FOLDER_PATH)/Bakim";
			};
			name = Release;
		};
		657C16E92CA54A750025213A /* Debug */ = {
			isa = XCBuildConfiguration;
			buildSettings = {
				CODE_SIGN_STYLE = Automatic;
				CURRENT_PROJECT_VERSION = 1;
				DEVELOPMENT_TEAM = 2BJUT72GH8;
				GENERATE_INFOPLIST_FILE = YES;
				MARKETING_VERSION = 1.0;
				PRODUCT_BUNDLE_IDENTIFIER = feyzullahdurasi.BakimUITests;
				PRODUCT_NAME = "$(TARGET_NAME)";
				SWIFT_EMIT_LOC_STRINGS = NO;
				SWIFT_VERSION = 5.0;
				TARGETED_DEVICE_FAMILY = "1,2";
				TEST_TARGET_NAME = Bakim;
			};
			name = Debug;
		};
		657C16EA2CA54A750025213A /* Release */ = {
			isa = XCBuildConfiguration;
			buildSettings = {
				CODE_SIGN_STYLE = Automatic;
				CURRENT_PROJECT_VERSION = 1;
				DEVELOPMENT_TEAM = 2BJUT72GH8;
				GENERATE_INFOPLIST_FILE = YES;
				MARKETING_VERSION = 1.0;
				PRODUCT_BUNDLE_IDENTIFIER = feyzullahdurasi.BakimUITests;
				PRODUCT_NAME = "$(TARGET_NAME)";
				SWIFT_EMIT_LOC_STRINGS = NO;
				SWIFT_VERSION = 5.0;
				TARGETED_DEVICE_FAMILY = "1,2";
				TEST_TARGET_NAME = Bakim;
			};
			name = Release;
		};
/* End XCBuildConfiguration section */

/* Begin XCConfigurationList section */
		657C16B92CA54A730025213A /* Build configuration list for PBXProject "Bakim" */ = {
			isa = XCConfigurationList;
			buildConfigurations = (
				657C16E02CA54A750025213A /* Debug */,
				657C16E12CA54A750025213A /* Release */,
			);
			defaultConfigurationIsVisible = 0;
			defaultConfigurationName = Release;
		};
		657C16E22CA54A750025213A /* Build configuration list for PBXNativeTarget "Bakim" */ = {
			isa = XCConfigurationList;
			buildConfigurations = (
				657C16E32CA54A750025213A /* Debug */,
				657C16E42CA54A750025213A /* Release */,
			);
			defaultConfigurationIsVisible = 0;
			defaultConfigurationName = Release;
		};
		657C16E52CA54A750025213A /* Build configuration list for PBXNativeTarget "BakimTests" */ = {
			isa = XCConfigurationList;
			buildConfigurations = (
				657C16E62CA54A750025213A /* Debug */,
				657C16E72CA54A750025213A /* Release */,
			);
			defaultConfigurationIsVisible = 0;
			defaultConfigurationName = Release;
		};
		657C16E82CA54A750025213A /* Build configuration list for PBXNativeTarget "BakimUITests" */ = {
			isa = XCConfigurationList;
			buildConfigurations = (
				657C16E92CA54A750025213A /* Debug */,
				657C16EA2CA54A750025213A /* Release */,
			);
			defaultConfigurationIsVisible = 0;
			defaultConfigurationName = Release;
		};
/* End XCConfigurationList section */

/* Begin XCRemoteSwiftPackageReference section */
		6541D7602CABF312007139FF /* XCRemoteSwiftPackageReference "GoogleSignIn-iOS" */ = {
			isa = XCRemoteSwiftPackageReference;
			repositoryURL = "https://github.com/google/GoogleSignIn-iOS";
			requirement = {
				kind = upToNextMajorVersion;
				minimumVersion = 8.0.0;
			};
		};
/* End XCRemoteSwiftPackageReference section */

/* Begin XCSwiftPackageProductDependency section */
		6541D7612CABF312007139FF /* GoogleSignIn */ = {
			isa = XCSwiftPackageProductDependency;
			package = 6541D7602CABF312007139FF /* XCRemoteSwiftPackageReference "GoogleSignIn-iOS" */;
			productName = GoogleSignIn;
		};
		6541D7632CABF312007139FF /* GoogleSignInSwift */ = {
			isa = XCSwiftPackageProductDependency;
			package = 6541D7602CABF312007139FF /* XCRemoteSwiftPackageReference "GoogleSignIn-iOS" */;
			productName = GoogleSignInSwift;
		};
/* End XCSwiftPackageProductDependency section */
	};
	rootObject = 657C16B62CA54A730025213A /* Project object */;
}
